
Microsoft Visual Studio Solution File, Format Version 12.00
# Visual Studio Version 17
VisualStudioVersion = 17.3.32811.315
MinimumVisualStudioVersion = 10.0.40219.1
Project("{FAE04EC0-301F-11D3-BF4B-00C04F79EFBC}") = "Milestone 4", "Milestone 4\Milestone 4.csproj", "{96B123C5-9321-4DB2-BA4D-D38ADA914DAF}"
EndProject
Global
	GlobalSection(SolutionConfigurationPlatforms) = preSolution
		Debug|Any CPU = Debug|Any CPU
		Release|Any CPU = Release|Any CPU
	EndGlobalSection
	GlobalSection(ProjectConfigurationPlatforms) = postSolution
		{96B123C5-9321-4DB2-BA4D-D38ADA914DAF}.Debug|Any CPU.ActiveCfg = Debug|Any CPU
		{96B123C5-9321-4DB2-BA4D-D38ADA914DAF}.Debug|Any CPU.Build.0 = Debug|Any CPU
		{96B123C5-9321-4DB2-BA4D-D38ADA914DAF}.Release|Any CPU.ActiveCfg = Release|Any CPU
		{96B123C5-9321-4DB2-BA4D-D38ADA914DAF}.Release|Any CPU.Build.0 = Release|Any CPU
	EndGlobalSection
	GlobalSection(SolutionProperties) = preSolution
		HideSolutionNode = FALSE
	EndGlobalSection
	GlobalSection(ExtensibilityGlobals) = postSolution
		SolutionGuid = {A2956E40-900A-479E-8C39-CE40E11AB5D9}
	EndGlobalSection
EndGlobal
